
Microsoft Visual Studio Solution File, Format Version 12.00
# Visual Studio Version 16
VisualStudioVersion = 16.0.31515.178
MinimumVisualStudioVersion = 10.0.40219.1
Project("{9A19103F-16F7-4668-BE54-9A1E7A4F7556}") = "Model", "Model\Model.csproj", "{CDB138E4-8D36-4203-BCA7-7E9A7D8CEE33}"
EndProject
Project("{9A19103F-16F7-4668-BE54-9A1E7A4F7556}") = "File", "File\File.csproj", "{800EA2EC-6126-4736-B8BB-FB20818461FD}"
EndProject
Project("{9A19103F-16F7-4668-BE54-9A1E7A4F7556}") = "Functionality", "Functionality\Functionality.csproj", "{1D99A705-64DA-4B2C-B5B0-5F73982C5245}"
EndProject
Project("{9A19103F-16F7-4668-BE54-9A1E7A4F7556}") = "ConsoleClient", "ConsoleClient\ConsoleClient.csproj", "{0C794EFC-0EC5-4BB3-A505-230E1FD31947}"
EndProject
Project("{FAE04EC0-301F-11D3-BF4B-00C04F79EFBC}") = "Functionality.Test", "Functionality.Test\Functionality.Test.csproj", "{3D63E2F1-5B35-44B3-8E2A-5DCB010D70AF}"
EndProject
Global
	GlobalSection(SolutionConfigurationPlatforms) = preSolution
		Debug|Any CPU = Debug|Any CPU
		Release|Any CPU = Release|Any CPU
	EndGlobalSection
	GlobalSection(ProjectConfigurationPlatforms) = postSolution
		{CDB138E4-8D36-4203-BCA7-7E9A7D8CEE33}.Debug|Any CPU.ActiveCfg = Debug|Any CPU
		{CDB138E4-8D36-4203-BCA7-7E9A7D8CEE33}.Debug|Any CPU.Build.0 = Debug|Any CPU
		{CDB138E4-8D36-4203-BCA7-7E9A7D8CEE33}.Release|Any CPU.ActiveCfg = Release|Any CPU
		{CDB138E4-8D36-4203-BCA7-7E9A7D8CEE33}.Release|Any CPU.Build.0 = Release|Any CPU
		{800EA2EC-6126-4736-B8BB-FB20818461FD}.Debug|Any CPU.ActiveCfg = Debug|Any CPU
		{800EA2EC-6126-4736-B8BB-FB20818461FD}.Debug|Any CPU.Build.0 = Debug|Any CPU
		{800EA2EC-6126-4736-B8BB-FB20818461FD}.Release|Any CPU.ActiveCfg = Release|Any CPU
		{800EA2EC-6126-4736-B8BB-FB20818461FD}.Release|Any CPU.Build.0 = Release|Any CPU
		{1D99A705-64DA-4B2C-B5B0-5F73982C5245}.Debug|Any CPU.ActiveCfg = Debug|Any CPU
		{1D99A705-64DA-4B2C-B5B0-5F73982C5245}.Debug|Any CPU.Build.0 = Debug|Any CPU
		{1D99A705-64DA-4B2C-B5B0-5F73982C5245}.Release|Any CPU.ActiveCfg = Release|Any CPU
		{1D99A705-64DA-4B2C-B5B0-5F73982C5245}.Release|Any CPU.Build.0 = Release|Any CPU
		{0C794EFC-0EC5-4BB3-A505-230E1FD31947}.Debug|Any CPU.ActiveCfg = Debug|Any CPU
		{0C794EFC-0EC5-4BB3-A505-230E1FD31947}.Debug|Any CPU.Build.0 = Debug|Any CPU
		{0C794EFC-0EC5-4BB3-A505-230E1FD31947}.Release|Any CPU.ActiveCfg = Release|Any CPU
		{0C794EFC-0EC5-4BB3-A505-230E1FD31947}.Release|Any CPU.Build.0 = Release|Any CPU
		{3D63E2F1-5B35-44B3-8E2A-5DCB010D70AF}.Debug|Any CPU.ActiveCfg = Debug|Any CPU
		{3D63E2F1-5B35-44B3-8E2A-5DCB010D70AF}.Debug|Any CPU.Build.0 = Debug|Any CPU
		{3D63E2F1-5B35-44B3-8E2A-5DCB010D70AF}.Release|Any CPU.ActiveCfg = Release|Any CPU
		{3D63E2F1-5B35-44B3-8E2A-5DCB010D70AF}.Release|Any CPU.Build.0 = Release|Any CPU
	EndGlobalSection
	GlobalSection(SolutionProperties) = preSolution
		HideSolutionNode = FALSE
	EndGlobalSection
	GlobalSection(ExtensibilityGlobals) = postSolution
		SolutionGuid = {2775F961-BF74-4FDF-B8BB-1DB5B26802B9}
	EndGlobalSection
EndGlobal
